
Microsoft Visual Studio Solution File, Format Version 12.00
# Visual Studio Version 17
VisualStudioVersion = 17.1.32319.34
MinimumVisualStudioVersion = 10.0.40219.1
Project("{FAE04EC0-301F-11D3-BF4B-00C04F79EFBC}") = "DepositCalc", "DepositCalc.csproj", "{BAD6BB60-8059-498B-96D0-942D5FF5ADA6}"
EndProject
Global
	GlobalSection(SolutionConfigurationPlatforms) = preSolution
		Debug|Any CPU = Debug|Any CPU
		Release|Any CPU = Release|Any CPU
	EndGlobalSection
	GlobalSection(ProjectConfigurationPlatforms) = postSolution
		{BAD6BB60-8059-498B-96D0-942D5FF5ADA6}.Debug|Any CPU.ActiveCfg = Debug|Any CPU
		{BAD6BB60-8059-498B-96D0-942D5FF5ADA6}.Debug|Any CPU.Build.0 = Debug|Any CPU
		{BAD6BB60-8059-498B-96D0-942D5FF5ADA6}.Release|Any CPU.ActiveCfg = Release|Any CPU
		{BAD6BB60-8059-498B-96D0-942D5FF5ADA6}.Release|Any CPU.Build.0 = Release|Any CPU
	EndGlobalSection
	GlobalSection(SolutionProperties) = preSolution
		HideSolutionNode = FALSE
	EndGlobalSection
	GlobalSection(ExtensibilityGlobals) = postSolution
		SolutionGuid = {EE084A04-42D5-40FB-8871-17744DE01966}
	EndGlobalSection
EndGlobal
